
Microsoft Visual Studio Solution File, Format Version 12.00
# Visual Studio Version 17
VisualStudioVersion = 17.3.32929.385
MinimumVisualStudioVersion = 10.0.40219.1
Project("{FAE04EC0-301F-11D3-BF4B-00C04F79EFBC}") = "SixtyNamesTestTask", "SixtyNamesTestTask\SixtyNamesTestTask.csproj", "{2F0BE39E-8644-49F2-B3D5-DEA1D3FFDE77}"
EndProject
Global
	GlobalSection(SolutionConfigurationPlatforms) = preSolution
		Debug|Any CPU = Debug|Any CPU
		Release|Any CPU = Release|Any CPU
	EndGlobalSection
	GlobalSection(ProjectConfigurationPlatforms) = postSolution
		{2F0BE39E-8644-49F2-B3D5-DEA1D3FFDE77}.Debug|Any CPU.ActiveCfg = Debug|Any CPU
		{2F0BE39E-8644-49F2-B3D5-DEA1D3FFDE77}.Debug|Any CPU.Build.0 = Debug|Any CPU
		{2F0BE39E-8644-49F2-B3D5-DEA1D3FFDE77}.Release|Any CPU.ActiveCfg = Release|Any CPU
		{2F0BE39E-8644-49F2-B3D5-DEA1D3FFDE77}.Release|Any CPU.Build.0 = Release|Any CPU
	EndGlobalSection
	GlobalSection(SolutionProperties) = preSolution
		HideSolutionNode = FALSE
	EndGlobalSection
	GlobalSection(ExtensibilityGlobals) = postSolution
		SolutionGuid = {71C0BF62-D594-49C4-8907-3B610B9E1DB4}
	EndGlobalSection
EndGlobal
